
Microsoft Visual Studio Solution File, Format Version 12.00
# Visual Studio 14
VisualStudioVersion = 14.0.24720.0
MinimumVisualStudioVersion = 10.0.40219.1
Project("{FAE04EC0-301F-11D3-BF4B-00C04F79EFBC}") = "reExp", "reExp\reExp.csproj", "{72497FB2-5A9F-406A-92DE-82EFC5B5ADC6}"
EndProject
Project("{FAE04EC0-301F-11D3-BF4B-00C04F79EFBC}") = "Sandbox", "Sandbox\Sandbox.csproj", "{76C94BEA-7E92-4448-A995-3C69F403DC76}"
EndProject
Project("{FAE04EC0-301F-11D3-BF4B-00C04F79EFBC}") = "Service", "Service\Service.csproj", "{3BCE245C-C7A1-4C0D-A048-CDE86EF7FB92}"
EndProject
Project("{FAE04EC0-301F-11D3-BF4B-00C04F79EFBC}") = "SqlServer", "SqlServer\SqlServer.csproj", "{32022436-521B-4007-84CB-D0EFE240852B}"
EndProject
Project("{FAE04EC0-301F-11D3-BF4B-00C04F79EFBC}") = "GlobalUtils", "GlobalUtils\GlobalUtils.csproj", "{068C7454-3F34-4D3E-A2E8-56FA1381E586}"
EndProject
Project("{FAE04EC0-301F-11D3-BF4B-00C04F79EFBC}") = "WindowsExecutionEngine", "WindowsExecutionEngine\WindowsExecutionEngine.csproj", "{DEFD2061-BAFD-478E-A023-D48E435AA4A0}"
EndProject
Project("{FAE04EC0-301F-11D3-BF4B-00C04F79EFBC}") = "WindowsEngineTests", "WindowsEngineTests\WindowsEngineTests.csproj", "{E7002C2C-C8FC-4400-8945-C3CBDF415A78}"
EndProject
Project("{FAE04EC0-301F-11D3-BF4B-00C04F79EFBC}") = "Jobs", "Jobs\Jobs.csproj", "{2811062C-1D1A-4CB6-803B-6A0A2376CA64}"
EndProject
Project("{2150E333-8FDC-42A3-9474-1A3956D46DE8}") = "Solution Items", "Solution Items", "{DCBA8D7C-CF83-4704-BE2A-442C3E7C6A98}"
	ProjectSection(SolutionItems) = preProject
		README.md = README.md
	EndProjectSection
EndProject
Project("{FAE04EC0-301F-11D3-BF4B-00C04F79EFBC}") = "WindowsSandbox", "WindowsSandbox\WindowsSandbox.csproj", "{1DBFE253-1957-48D7-83FC-343AB60A00BD}"
EndProject
Project("{FAE04EC0-301F-11D3-BF4B-00C04F79EFBC}") = "WindowsService", "WindowsService\WindowsService.csproj", "{9ECD3B99-A488-413E-B127-7628B09D8B0F}"
EndProject
Project("{FAE04EC0-301F-11D3-BF4B-00C04F79EFBC}") = "MySql", "MySql\MySql.csproj", "{F94DCA3E-489B-4FD8-A94B-28A42BE2AF93}"
EndProject
Global
	GlobalSection(SolutionConfigurationPlatforms) = preSolution
		Debug|Any CPU = Debug|Any CPU
		Debug|Mixed Platforms = Debug|Mixed Platforms
		Debug|x86 = Debug|x86
		Release|Any CPU = Release|Any CPU
		Release|Mixed Platforms = Release|Mixed Platforms
		Release|x86 = Release|x86
	EndGlobalSection
	GlobalSection(ProjectConfigurationPlatforms) = postSolution
		{72497FB2-5A9F-406A-92DE-82EFC5B5ADC6}.Debug|Any CPU.ActiveCfg = Debug|Any CPU
		{72497FB2-5A9F-406A-92DE-82EFC5B5ADC6}.Debug|Any CPU.Build.0 = Debug|Any CPU
		{72497FB2-5A9F-406A-92DE-82EFC5B5ADC6}.Debug|Mixed Platforms.ActiveCfg = Debug|Any CPU
		{72497FB2-5A9F-406A-92DE-82EFC5B5ADC6}.Debug|Mixed Platforms.Build.0 = Debug|Any CPU
		{72497FB2-5A9F-406A-92DE-82EFC5B5ADC6}.Debug|x86.ActiveCfg = Debug|Any CPU
		{72497FB2-5A9F-406A-92DE-82EFC5B5ADC6}.Release|Any CPU.ActiveCfg = Release|Any CPU
		{72497FB2-5A9F-406A-92DE-82EFC5B5ADC6}.Release|Any CPU.Build.0 = Release|Any CPU
		{72497FB2-5A9F-406A-92DE-82EFC5B5ADC6}.Release|Mixed Platforms.ActiveCfg = Release|Any CPU
		{72497FB2-5A9F-406A-92DE-82EFC5B5ADC6}.Release|Mixed Platforms.Build.0 = Release|Any CPU
		{72497FB2-5A9F-406A-92DE-82EFC5B5ADC6}.Release|x86.ActiveCfg = Debug|Any CPU
		{72497FB2-5A9F-406A-92DE-82EFC5B5ADC6}.Release|x86.Build.0 = Debug|Any CPU
		{76C94BEA-7E92-4448-A995-3C69F403DC76}.Debug|Any CPU.ActiveCfg = Debug|x86
		{76C94BEA-7E92-4448-A995-3C69F403DC76}.Debug|Mixed Platforms.ActiveCfg = Debug|x86
		{76C94BEA-7E92-4448-A995-3C69F403DC76}.Debug|Mixed Platforms.Build.0 = Debug|x86
		{76C94BEA-7E92-4448-A995-3C69F403DC76}.Debug|x86.ActiveCfg = Debug|x86
		{76C94BEA-7E92-4448-A995-3C69F403DC76}.Debug|x86.Build.0 = Debug|x86
		{76C94BEA-7E92-4448-A995-3C69F403DC76}.Release|Any CPU.ActiveCfg = Release|x86
		{76C94BEA-7E92-4448-A995-3C69F403DC76}.Release|Mixed Platforms.ActiveCfg = Release|x86
		{76C94BEA-7E92-4448-A995-3C69F403DC76}.Release|Mixed Platforms.Build.0 = Release|x86
		{76C94BEA-7E92-4448-A995-3C69F403DC76}.Release|x86.ActiveCfg = Release|x86
		{76C94BEA-7E92-4448-A995-3C69F403DC76}.Release|x86.Build.0 = Release|x86
		{3BCE245C-C7A1-4C0D-A048-CDE86EF7FB92}.Debug|Any CPU.ActiveCfg = Debug|Any CPU
		{3BCE245C-C7A1-4C0D-A048-CDE86EF7FB92}.Debug|Any CPU.Build.0 = Debug|Any CPU
		{3BCE245C-C7A1-4C0D-A048-CDE86EF7FB92}.Debug|Mixed Platforms.ActiveCfg = Debug|Any CPU
		{3BCE245C-C7A1-4C0D-A048-CDE86EF7FB92}.Debug|Mixed Platforms.Build.0 = Debug|Any CPU
		{3BCE245C-C7A1-4C0D-A048-CDE86EF7FB92}.Debug|x86.ActiveCfg = Debug|Any CPU
		{3BCE245C-C7A1-4C0D-A048-CDE86EF7FB92}.Release|Any CPU.ActiveCfg = Release|Any CPU
		{3BCE245C-C7A1-4C0D-A048-CDE86EF7FB92}.Release|Any CPU.Build.0 = Release|Any CPU
		{3BCE245C-C7A1-4C0D-A048-CDE86EF7FB92}.Release|Mixed Platforms.ActiveCfg = Release|Any CPU
		{3BCE245C-C7A1-4C0D-A048-CDE86EF7FB92}.Release|Mixed Platforms.Build.0 = Release|Any CPU
		{3BCE245C-C7A1-4C0D-A048-CDE86EF7FB92}.Release|x86.ActiveCfg = Release|Any CPU
		{3BCE245C-C7A1-4C0D-A048-CDE86EF7FB92}.Release|x86.Build.0 = Release|Any CPU
		{32022436-521B-4007-84CB-D0EFE240852B}.Debug|Any CPU.ActiveCfg = Debug|x86
		{32022436-521B-4007-84CB-D0EFE240852B}.Debug|Mixed Platforms.ActiveCfg = Debug|x86
		{32022436-521B-4007-84CB-D0EFE240852B}.Debug|Mixed Platforms.Build.0 = Debug|x86
		{32022436-521B-4007-84CB-D0EFE240852B}.Debug|x86.ActiveCfg = Debug|x86
		{32022436-521B-4007-84CB-D0EFE240852B}.Debug|x86.Build.0 = Debug|x86
		{32022436-521B-4007-84CB-D0EFE240852B}.Release|Any CPU.ActiveCfg = Release|x86
		{32022436-521B-4007-84CB-D0EFE240852B}.Release|Mixed Platforms.ActiveCfg = Release|x86
		{32022436-521B-4007-84CB-D0EFE240852B}.Release|Mixed Platforms.Build.0 = Release|x86
		{32022436-521B-4007-84CB-D0EFE240852B}.Release|x86.ActiveCfg = Release|x86
		{32022436-521B-4007-84CB-D0EFE240852B}.Release|x86.Build.0 = Release|x86
		{068C7454-3F34-4D3E-A2E8-56FA1381E586}.Debug|Any CPU.ActiveCfg = Debug|Any CPU
		{068C7454-3F34-4D3E-A2E8-56FA1381E586}.Debug|Any CPU.Build.0 = Debug|Any CPU
		{068C7454-3F34-4D3E-A2E8-56FA1381E586}.Debug|Mixed Platforms.ActiveCfg = Debug|Any CPU
		{068C7454-3F34-4D3E-A2E8-56FA1381E586}.Debug|Mixed Platforms.Build.0 = Debug|Any CPU
		{068C7454-3F34-4D3E-A2E8-56FA1381E586}.Debug|x86.ActiveCfg = Debug|Any CPU
		{068C7454-3F34-4D3E-A2E8-56FA1381E586}.Release|Any CPU.ActiveCfg = Release|Any CPU
		{068C7454-3F34-4D3E-A2E8-56FA1381E586}.Release|Any CPU.Build.0 = Release|Any CPU
		{068C7454-3F34-4D3E-A2E8-56FA1381E586}.Release|Mixed Platforms.ActiveCfg = Release|Any CPU
		{068C7454-3F34-4D3E-A2E8-56FA1381E586}.Release|Mixed Platforms.Build.0 = Release|Any CPU
		{068C7454-3F34-4D3E-A2E8-56FA1381E586}.Release|x86.ActiveCfg = Release|Any CPU
		{DEFD2061-BAFD-478E-A023-D48E435AA4A0}.Debug|Any CPU.ActiveCfg = Debug|Any CPU
		{DEFD2061-BAFD-478E-A023-D48E435AA4A0}.Debug|Any CPU.Build.0 = Debug|Any CPU
		{DEFD2061-BAFD-478E-A023-D48E435AA4A0}.Debug|Mixed Platforms.ActiveCfg = Debug|Any CPU
		{DEFD2061-BAFD-478E-A023-D48E435AA4A0}.Debug|Mixed Platforms.Build.0 = Debug|Any CPU
		{DEFD2061-BAFD-478E-A023-D48E435AA4A0}.Debug|x86.ActiveCfg = Debug|Any CPU
		{DEFD2061-BAFD-478E-A023-D48E435AA4A0}.Release|Any CPU.ActiveCfg = Release|Any CPU
		{DEFD2061-BAFD-478E-A023-D48E435AA4A0}.Release|Any CPU.Build.0 = Release|Any CPU
		{DEFD2061-BAFD-478E-A023-D48E435AA4A0}.Release|Mixed Platforms.ActiveCfg = Release|Any CPU
		{DEFD2061-BAFD-478E-A023-D48E435AA4A0}.Release|Mixed Platforms.Build.0 = Release|Any CPU
		{DEFD2061-BAFD-478E-A023-D48E435AA4A0}.Release|x86.ActiveCfg = Release|Any CPU
		{E7002C2C-C8FC-4400-8945-C3CBDF415A78}.Debug|Any CPU.ActiveCfg = Debug|Any CPU
		{E7002C2C-C8FC-4400-8945-C3CBDF415A78}.Debug|Any CPU.Build.0 = Debug|Any CPU
		{E7002C2C-C8FC-4400-8945-C3CBDF415A78}.Debug|Mixed Platforms.ActiveCfg = Debug|Any CPU
		{E7002C2C-C8FC-4400-8945-C3CBDF415A78}.Debug|Mixed Platforms.Build.0 = Debug|Any CPU
		{E7002C2C-C8FC-4400-8945-C3CBDF415A78}.Debug|x86.ActiveCfg = Debug|Any CPU
		{E7002C2C-C8FC-4400-8945-C3CBDF415A78}.Release|Any CPU.ActiveCfg = Release|Any CPU
		{E7002C2C-C8FC-4400-8945-C3CBDF415A78}.Release|Any CPU.Build.0 = Release|Any CPU
		{E7002C2C-C8FC-4400-8945-C3CBDF415A78}.Release|Mixed Platforms.ActiveCfg = Release|Any CPU
		{E7002C2C-C8FC-4400-8945-C3CBDF415A78}.Release|Mixed Platforms.Build.0 = Release|Any CPU
		{E7002C2C-C8FC-4400-8945-C3CBDF415A78}.Release|x86.ActiveCfg = Release|Any CPU
		{2811062C-1D1A-4CB6-803B-6A0A2376CA64}.Debug|Any CPU.ActiveCfg = Debug|Any CPU
		{2811062C-1D1A-4CB6-803B-6A0A2376CA64}.Debug|Any CPU.Build.0 = Debug|Any CPU
		{2811062C-1D1A-4CB6-803B-6A0A2376CA64}.Debug|Mixed Platforms.ActiveCfg = Debug|Any CPU
		{2811062C-1D1A-4CB6-803B-6A0A2376CA64}.Debug|Mixed Platforms.Build.0 = Debug|Any CPU
		{2811062C-1D1A-4CB6-803B-6A0A2376CA64}.Debug|x86.ActiveCfg = Debug|Any CPU
		{2811062C-1D1A-4CB6-803B-6A0A2376CA64}.Release|Any CPU.ActiveCfg = Release|Any CPU
		{2811062C-1D1A-4CB6-803B-6A0A2376CA64}.Release|Any CPU.Build.0 = Release|Any CPU
		{2811062C-1D1A-4CB6-803B-6A0A2376CA64}.Release|Mixed Platforms.ActiveCfg = Release|Any CPU
		{2811062C-1D1A-4CB6-803B-6A0A2376CA64}.Release|Mixed Platforms.Build.0 = Release|Any CPU
		{2811062C-1D1A-4CB6-803B-6A0A2376CA64}.Release|x86.ActiveCfg = Release|Any CPU
		{1DBFE253-1957-48D7-83FC-343AB60A00BD}.Debug|Any CPU.ActiveCfg = Debug|Any CPU
		{1DBFE253-1957-48D7-83FC-343AB60A00BD}.Debug|Any CPU.Build.0 = Debug|Any CPU
		{1DBFE253-1957-48D7-83FC-343AB60A00BD}.Debug|Mixed Platforms.ActiveCfg = Debug|Any CPU
		{1DBFE253-1957-48D7-83FC-343AB60A00BD}.Debug|Mixed Platforms.Build.0 = Debug|Any CPU
		{1DBFE253-1957-48D7-83FC-343AB60A00BD}.Debug|x86.ActiveCfg = Debug|Any CPU
		{1DBFE253-1957-48D7-83FC-343AB60A00BD}.Release|Any CPU.ActiveCfg = Release|Any CPU
		{1DBFE253-1957-48D7-83FC-343AB60A00BD}.Release|Any CPU.Build.0 = Release|Any CPU
		{1DBFE253-1957-48D7-83FC-343AB60A00BD}.Release|Mixed Platforms.ActiveCfg = Release|Any CPU
		{1DBFE253-1957-48D7-83FC-343AB60A00BD}.Release|Mixed Platforms.Build.0 = Release|Any CPU
		{1DBFE253-1957-48D7-83FC-343AB60A00BD}.Release|x86.ActiveCfg = Release|Any CPU
		{9ECD3B99-A488-413E-B127-7628B09D8B0F}.Debug|Any CPU.ActiveCfg = Debug|Any CPU
		{9ECD3B99-A488-413E-B127-7628B09D8B0F}.Debug|Any CPU.Build.0 = Debug|Any CPU
		{9ECD3B99-A488-413E-B127-7628B09D8B0F}.Debug|Mixed Platforms.ActiveCfg = Debug|Any CPU
		{9ECD3B99-A488-413E-B127-7628B09D8B0F}.Debug|Mixed Platforms.Build.0 = Debug|Any CPU
		{9ECD3B99-A488-413E-B127-7628B09D8B0F}.Debug|x86.ActiveCfg = Debug|Any CPU
		{9ECD3B99-A488-413E-B127-7628B09D8B0F}.Release|Any CPU.ActiveCfg = Release|Any CPU
		{9ECD3B99-A488-413E-B127-7628B09D8B0F}.Release|Any CPU.Build.0 = Release|Any CPU
		{9ECD3B99-A488-413E-B127-7628B09D8B0F}.Release|Mixed Platforms.ActiveCfg = Release|Any CPU
		{9ECD3B99-A488-413E-B127-7628B09D8B0F}.Release|Mixed Platforms.Build.0 = Release|Any CPU
		{9ECD3B99-A488-413E-B127-7628B09D8B0F}.Release|x86.ActiveCfg = Release|Any CPU
		{F94DCA3E-489B-4FD8-A94B-28A42BE2AF93}.Debug|Any CPU.ActiveCfg = Debug|Any CPU
		{F94DCA3E-489B-4FD8-A94B-28A42BE2AF93}.Debug|Any CPU.Build.0 = Debug|Any CPU
		{F94DCA3E-489B-4FD8-A94B-28A42BE2AF93}.Debug|Mixed Platforms.ActiveCfg = Debug|Any CPU
		{F94DCA3E-489B-4FD8-A94B-28A42BE2AF93}.Debug|Mixed Platforms.Build.0 = Debug|Any CPU
		{F94DCA3E-489B-4FD8-A94B-28A42BE2AF93}.Debug|x86.ActiveCfg = Debug|Any CPU
		{F94DCA3E-489B-4FD8-A94B-28A42BE2AF93}.Debug|x86.Build.0 = Debug|Any CPU
		{F94DCA3E-489B-4FD8-A94B-28A42BE2AF93}.Release|Any CPU.ActiveCfg = Release|Any CPU
		{F94DCA3E-489B-4FD8-A94B-28A42BE2AF93}.Release|Any CPU.Build.0 = Release|Any CPU
		{F94DCA3E-489B-4FD8-A94B-28A42BE2AF93}.Release|Mixed Platforms.ActiveCfg = Release|Any CPU
		{F94DCA3E-489B-4FD8-A94B-28A42BE2AF93}.Release|Mixed Platforms.Build.0 = Release|Any CPU
		{F94DCA3E-489B-4FD8-A94B-28A42BE2AF93}.Release|x86.ActiveCfg = Release|Any CPU
		{F94DCA3E-489B-4FD8-A94B-28A42BE2AF93}.Release|x86.Build.0 = Release|Any CPU
	EndGlobalSection
	GlobalSection(SolutionProperties) = preSolution
		HideSolutionNode = FALSE
	EndGlobalSection
EndGlobal
